
Microsoft Visual Studio Solution File, Format Version 12.00
# Visual Studio Version 17
VisualStudioVersion = 17.2.32526.322
MinimumVisualStudioVersion = 10.0.40219.1
Project("{FAE04EC0-301F-11D3-BF4B-00C04F79EFBC}") = "SnakeLadder", "SnakeLadder\SnakeLadder.csproj", "{BFD261D6-0ED4-4C0B-A53A-E3F323BBB899}"
EndProject
Global
	GlobalSection(SolutionConfigurationPlatforms) = preSolution
		Debug|Any CPU = Debug|Any CPU
		Release|Any CPU = Release|Any CPU
	EndGlobalSection
	GlobalSection(ProjectConfigurationPlatforms) = postSolution
		{BFD261D6-0ED4-4C0B-A53A-E3F323BBB899}.Debug|Any CPU.ActiveCfg = Debug|Any CPU
		{BFD261D6-0ED4-4C0B-A53A-E3F323BBB899}.Debug|Any CPU.Build.0 = Debug|Any CPU
		{BFD261D6-0ED4-4C0B-A53A-E3F323BBB899}.Release|Any CPU.ActiveCfg = Release|Any CPU
		{BFD261D6-0ED4-4C0B-A53A-E3F323BBB899}.Release|Any CPU.Build.0 = Release|Any CPU
	EndGlobalSection
	GlobalSection(SolutionProperties) = preSolution
		HideSolutionNode = FALSE
	EndGlobalSection
	GlobalSection(ExtensibilityGlobals) = postSolution
		SolutionGuid = {8BE07F11-ABC9-4D0B-85B9-472905C4D212}
	EndGlobalSection
EndGlobal
